
Microsoft Visual Studio Solution File, Format Version 12.00
# Visual Studio Version 17
VisualStudioVersion = 17.2.32602.215
MinimumVisualStudioVersion = 10.0.40219.1
Project("{9A19103F-16F7-4668-BE54-9A1E7A4F7556}") = "roommate-app", "roommate-app.csproj", "{689ACD9C-C21A-436A-8188-36E2BEAF5F1C}"
EndProject
Project("{FAE04EC0-301F-11D3-BF4B-00C04F79EFBC}") = "roommate-app-testing.UnitTests", "..\roommate-app-testing.UnitTests\roommate-app-testing.UnitTests.csproj", "{51105407-3168-4559-808B-A4AFF61C6440}"
EndProject
Global
	GlobalSection(SolutionConfigurationPlatforms) = preSolution
		Debug|Any CPU = Debug|Any CPU
		Release|Any CPU = Release|Any CPU
	EndGlobalSection
	GlobalSection(ProjectConfigurationPlatforms) = postSolution
		{689ACD9C-C21A-436A-8188-36E2BEAF5F1C}.Debug|Any CPU.ActiveCfg = Debug|Any CPU
		{689ACD9C-C21A-436A-8188-36E2BEAF5F1C}.Debug|Any CPU.Build.0 = Debug|Any CPU
		{689ACD9C-C21A-436A-8188-36E2BEAF5F1C}.Release|Any CPU.ActiveCfg = Release|Any CPU
		{689ACD9C-C21A-436A-8188-36E2BEAF5F1C}.Release|Any CPU.Build.0 = Release|Any CPU
		{51105407-3168-4559-808B-A4AFF61C6440}.Debug|Any CPU.ActiveCfg = Debug|Any CPU
		{51105407-3168-4559-808B-A4AFF61C6440}.Debug|Any CPU.Build.0 = Debug|Any CPU
		{51105407-3168-4559-808B-A4AFF61C6440}.Release|Any CPU.ActiveCfg = Release|Any CPU
		{51105407-3168-4559-808B-A4AFF61C6440}.Release|Any CPU.Build.0 = Release|Any CPU
	EndGlobalSection
	GlobalSection(SolutionProperties) = preSolution
		HideSolutionNode = FALSE
	EndGlobalSection
	GlobalSection(ExtensibilityGlobals) = postSolution
		SolutionGuid = {7FD92C9C-B148-4B24-BDBD-CBC1A43FC3F3}
	EndGlobalSection
EndGlobal
